
Microsoft Visual Studio Solution File, Format Version 10.00
# Visual C# Express 2008
Project("{FAE04EC0-301F-11D3-BF4B-00C04F79EFBC}") = "VirtualGDT", "VirtualGDT\VirtualGDT.csproj", "{8C2C6250-D5DA-467B-8C55-D9F61C885E39}"
EndProject
Project("{FAE04EC0-301F-11D3-BF4B-00C04F79EFBC}") = "Engine", "Engine\Engine.csproj", "{6519B6D0-A5F2-4CC8-BB95-97105F6CE89E}"
EndProject
Global
	GlobalSection(SolutionConfigurationPlatforms) = preSolution
		Debug|Any CPU = Debug|Any CPU
		Release|Any CPU = Release|Any CPU
	EndGlobalSection
	GlobalSection(ProjectConfigurationPlatforms) = postSolution
		{8C2C6250-D5DA-467B-8C55-D9F61C885E39}.Debug|Any CPU.ActiveCfg = Debug|Any CPU
		{8C2C6250-D5DA-467B-8C55-D9F61C885E39}.Debug|Any CPU.Build.0 = Debug|Any CPU
		{8C2C6250-D5DA-467B-8C55-D9F61C885E39}.Release|Any CPU.ActiveCfg = Release|Any CPU
		{8C2C6250-D5DA-467B-8C55-D9F61C885E39}.Release|Any CPU.Build.0 = Release|Any CPU
		{6519B6D0-A5F2-4CC8-BB95-97105F6CE89E}.Debug|Any CPU.ActiveCfg = Debug|Any CPU
		{6519B6D0-A5F2-4CC8-BB95-97105F6CE89E}.Debug|Any CPU.Build.0 = Debug|Any CPU
		{6519B6D0-A5F2-4CC8-BB95-97105F6CE89E}.Release|Any CPU.ActiveCfg = Release|Any CPU
		{6519B6D0-A5F2-4CC8-BB95-97105F6CE89E}.Release|Any CPU.Build.0 = Release|Any CPU
	EndGlobalSection
	GlobalSection(SolutionProperties) = preSolution
		HideSolutionNode = FALSE
	EndGlobalSection
EndGlobal
